github.com/payfazz/go-errors v0.0.0-20200115143521-293ed5143823 h1:Zp+YlosoJOZzQd1zEO1YND9XpV7bMSVKDccZwJipLK8=
github.com/payfazz/go-errors v0.0.0-20200115143521-293ed5143823/go.mod h1:0pfUhstdZUjwsGIvcOEn8hMWDiEZp4cgqGXfT16on6A=
github.com/payfazz/go-errors v0.0.0-20200203080846-57985123cba3 h1:P9RL8TKmXlcAX80jH4m4+zwOyUTVm8IZND/2jnMkuSE=
github.com/payfazz/go-errors v0.0.0-20200203080846-57985123cba3/go.mod h1:0pfUhstdZUjwsGIvcOEn8hMWDiEZp4cgqGXfT16on6A=
github.com/payfazz/go-errors-ext v0.0.0-20200121131150-e28dcd25fc56 h1:NmHN4TcI+toBDZyU9LYKsymELE3b4aZkbsuw2ckmAro=
github.com/payfazz/go-errors-ext v0.0.0-20200121131150-e28dcd25fc56/go.mod h1:H0T2PY4zzZBYNNwtVMCmSzvbkni9yF5huhe1LrOmTM0=
github.com/payfazz/go-middleware v0.0.0-20191025070707-dc1340c0093e h1:+NOAuM4lw6gCbFwKVGXHlBVZKdm5faUZQRAtdbQMlds=
github.com/payfazz/go-middleware v0.0.0-20191025070707-dc1340c0093e/go.mod h1:N0hfc7Qz2XSsrmcBdMVzgpxFVoFhUZ/DrgTbYwMUpw4=
github.com/payfazz/go-middleware v0.0.0-20200128144602-f3e20f32d3f0 h1:tEvgmznpz8xBakDqkEdYqrnoyMaQ1cjBLSO0y4oXALY=
github.com/payfazz/go-middleware v0.0.0-20200128144602-f3e20f32d3f0/go.mod h1:N0hfc7Qz2XSsrmcBdMVzgpxFVoFhUZ/DrgTbYwMUpw4=
github.com/payfazz/go-oneliner v0.0.0-20191021151439-af81e9ce6628 h1:rmw/zOH6xQSB95l4fRvoNyZIjbLLzeOrjJZzDvjMrL0=
github.com/payfazz/go-oneliner v0.0.0-20191021151439-af81e9ce6628/go.mod h1:AkOiPXhnDBpU69/QWY2k6Shg3+bQAR981l4B3uGxCoQ=
github.com/payfazz/ioconn v0.0.0-20191017153948-ac2b2c9d35e9 h1:7gcNnzKWcZjtAYnkWWbq5l4mfcSQOdV/br69xbaEjUQ=
github.com/payfazz/ioconn v0.0.0-20191017153948-ac2b2c9d35e9/go.mod h1:e6FGeuofNCsTL7zsfQx3mTTG1e3RAOCGKTudXhS2g7k=
github.com/payfazz/ioconn v0.0.0-20200226013845-2575f90a9a2f h1:MxV2BErJS87EKRL6Z17wou8CkHADCj9REHzX5PXQtvA=
github.com/payfazz/ioconn v0.0.0-20200226013845-2575f90a9a2f/go.mod h1:e6FGeuofNCsTL7zsfQx3mTTG1e3RAOCGKTudXhS2g7k=
github.com/payfazz/mainutil v0.0.0-20200115144436-a9b3c921070e h1:bLEbDgPJP7PtcsCTQRur53Kl2LnEChfr6afVoWkUefo=
github.com/payfazz/mainutil v0.0.0-20200115144436-a9b3c921070e/go.mod h1:beQjR1xS4nVTFicII8ZGntfK4HEnQW7GVY3WWAcsByo=
github.com/payfazz/mainutil v0.0.0-20200203110501-8074677c2304 h1:EWGAv5DpwZDadin7CroMBxUjLHjyj2PeDKcRmCAN5QY=
github.com/payfazz/mainutil v0.0.0-20200203110501-8074677c2304/go.mod h1:EiPNb1EDTJcVTJcxOzVXszTMlk4lY+v1k9CgZ5z02xk=
github.com/payfazz/stdlog v0.0.0-20191025080228-c8dfe91aa6ce h1:D6TbvyR3h7/GL1mjQ0B3AjhdJ4b0yory9eLEaYQo+wQ=
github.com/payfazz/stdlog v0.0.0-20191025080228-c8dfe91aa6ce/go.mod h1:hzNPSk+Sh7yq93B4Jz0pUUjgubPTKcoirfvJ4BHT9Ew=
github.com/payfazz/stdlog v0.0.0-20200130102747-17bcfdb81c9a/go.mod h1:hzNPSk+Sh7yq93B4Jz0pUUjgubPTKcoirfvJ4BHT9Ew=
github.com/payfazz/stdlog v0.0.0-20200219083923-64812f0353f7 h1:02OjfHlvqdNskWn9nP6d2XiKQfmJ98tiQcwDAIqkhrE=
github.com/payfazz/stdlog v0.0.0-20200219083923-64812f0353f7/go.mod h1:hzNPSk+Sh7yq93B4Jz0pUUjgubPTKcoirfvJ4BHT9Ew=
golang.org/x/crypto v0.0.0-20190308221718-c2843e01d9a2/go.mod h1:djNgcEr1/C05ACkg1iLfiJU5Ep61QUkGW8qpdssI0+w=
golang.org/x/net v0.0.0-20200114155413-6afb5195e5aa h1:F+8P+gmewFQYRk6JoLQLwjBCTu3mcIURZfNkVweuRKA=
golang.org/x/net v0.0.0-20200114155413-6afb5195e5aa/go.mod h1:z5CRVTTTmAJ677TzLLGU+0bjPO0LkuOLi4/5GtJWs/s=
golang.org/x/net v0.0.0-20200225223329-5d076fcf07a8 h1:0hpG1RSqNmKZ60akfzABaMjKAn2762l2+HJyXFT5LMY=
golang.org/x/net v0.0.0-20200225223329-5d076fcf07a8/go.mod h1:z5CRVTTTmAJ677TzLLGU+0bjPO0LkuOLi4/5GtJWs/s=
golang.org/x/sys v0.0.0-20190215142949-d0b11bdaac8a/go.mod h1:STP8DvDyc/dI5b8T5hshtkjS+E42TnysNCUPdjciGhY=
golang.org/x/text v0.3.0 h1:g61tztE5qeGQ89tm6NTjjM9VPIm088od1l6aSorWRWg=
golang.org/x/text v0.3.0/go.mod h1:NqM8EUOU14njkJ3fqMW+pc6Ldnwhi/IjpwHt7yyuwOQ=
golang.org/x/text v0.3.2 h1:tW2bmiBqwgJj/UpqtC8EpXEZVYOwU0yG4iWbprSVAcs=
golang.org/x/text v0.3.2/go.mod h1:bEr9sfX3Q8Zfm5fL9x+3itogRgK3+ptLWKqgva+5dAk=
golang.org/x/tools v0.0.0-20180917221912-90fa682c2a6e/go.mod h1:n7NCudcB/nEzxVGmLbDWY5pfWTLqBcC2KZ6jyYvM4mQ=
