github.com/payfazz/go-errors v0.0.0-20190715233455-16c545d38e45 h1:wxzxy981TuaB1bfIDwXViS/re8wwIoPT/EY0iw7D1FQ=
github.com/payfazz/go-errors v0.0.0-20190715233455-16c545d38e45/go.mod h1:r3pZyLA1i/ujbAQGUqIkx7/kRE8YIWyv9fwldSdEHBQ=
github.com/payfazz/go-oneliner v0.0.0-20190714093643-d3218d89c354 h1:XO38lqKtwF8YNOpHElo/qd/hN+p0SR3uRYj6Ky5JxVQ=
github.com/payfazz/go-oneliner v0.0.0-20190714093643-d3218d89c354/go.mod h1:ZSb9i6cykubVVdDSE6uD07rL6TGUIqnzGFbN5MO+A5I=
github.com/payfazz/ioconn v0.0.0-20190713135901-a5ac79d5a7bd h1:kqMrWtK49nh4MGWd1Cr+kEjq/Xq7t8ecjDwl/gXSt0U=
github.com/payfazz/ioconn v0.0.0-20190713135901-a5ac79d5a7bd/go.mod h1:InchNAnyaeFatIs8jFMhU2feHZCoXQHDjjPaIWazkzo=
github.com/payfazz/mainutil v0.0.0-20190715233702-3eaebeea2968 h1:zdE4nMxZaXhXsM694kk95Dmr7jVyCfwlTWAko1cdVoQ=
github.com/payfazz/mainutil v0.0.0-20190715233702-3eaebeea2968/go.mod h1:NHj40VE35drCw71oK4CxiPIOWL1T8rO8kVSuYDIgndQ=
github.com/payfazz/stdlog v0.0.0-20190715192008-3663b9d0f4e7 h1:m4ZfnceCTTKJ4TZZcTbyMhGXI7TrkYWsxsHk+Gg+h0w=
github.com/payfazz/stdlog v0.0.0-20190715192008-3663b9d0f4e7/go.mod h1:QJxSm412zqFKWPSLOVwU/vJIaVUEpBdUAg0LfvcXQ6M=
golang.org/x/crypto v0.0.0-20190308221718-c2843e01d9a2/go.mod h1:djNgcEr1/C05ACkg1iLfiJU5Ep61QUkGW8qpdssI0+w=
golang.org/x/crypto v0.0.0-20190701094942-4def268fd1a4/go.mod h1:yigFU9vqHzYiE8UmvKecakEJjdnWj3jj499lnFckfCI=
golang.org/x/net v0.0.0-20190404232315-eb5bcb51f2a3/go.mod h1:t9HGtf8HONx5eT2rtn7q6eTqICYqUVnKs3thJo3Qplg=
golang.org/x/net v0.0.0-20190620200207-3b0461eec859/go.mod h1:z5CRVTTTmAJ677TzLLGU+0bjPO0LkuOLi4/5GtJWs/s=
golang.org/x/net v0.0.0-20190628185345-da137c7871d7 h1:rTIdg5QFRR7XCaK4LCjBiPbx8j4DQRpdYMnGn/bJUEU=
golang.org/x/net v0.0.0-20190628185345-da137c7871d7/go.mod h1:z5CRVTTTmAJ677TzLLGU+0bjPO0LkuOLi4/5GtJWs/s=
golang.org/x/sync v0.0.0-20190423024810-112230192c58/go.mod h1:RxMgew5VJxzue5/jJTE5uejpjVlOe/izrB70Jof72aM=
golang.org/x/sys v0.0.0-20190215142949-d0b11bdaac8a/go.mod h1:STP8DvDyc/dI5b8T5hshtkjS+E42TnysNCUPdjciGhY=
golang.org/x/sys v0.0.0-20190412213103-97732733099d/go.mod h1:h1NjWce9XRLGQEsW7wpKNCjG9DtNlClVuFLEZdDNbEs=
golang.org/x/sys v0.0.0-20190712062909-fae7ac547cb7/go.mod h1:h1NjWce9XRLGQEsW7wpKNCjG9DtNlClVuFLEZdDNbEs=
golang.org/x/text v0.3.0 h1:g61tztE5qeGQ89tm6NTjjM9VPIm088od1l6aSorWRWg=
golang.org/x/text v0.3.0/go.mod h1:NqM8EUOU14njkJ3fqMW+pc6Ldnwhi/IjpwHt7yyuwOQ=
golang.org/x/text v0.3.2 h1:tW2bmiBqwgJj/UpqtC8EpXEZVYOwU0yG4iWbprSVAcs=
golang.org/x/text v0.3.2/go.mod h1:bEr9sfX3Q8Zfm5fL9x+3itogRgK3+ptLWKqgva+5dAk=
golang.org/x/tools v0.0.0-20180917221912-90fa682c2a6e/go.mod h1:n7NCudcB/nEzxVGmLbDWY5pfWTLqBcC2KZ6jyYvM4mQ=
golang.org/x/tools v0.0.0-20190715172921-9e48ab1d90cd/go.mod h1:jcCCGcm9btYwXyDqrUWc6MKQKKGJCWEQ3AfLSRIbEuI=
golang.org/x/tools v0.0.0-20190715221914-9b2cb0e5f602/go.mod h1:jcCCGcm9btYwXyDqrUWc6MKQKKGJCWEQ3AfLSRIbEuI=
